<?xml version="1.0" encoding="utf-8"?>
<Project ToolsVersion="4.0" xmlns="http://schemas.microsoft.com/developer/msbuild/2003">
  <ItemGroup>
    <Filter Include="소스 파일">
      <UniqueIdentifier>{4FC737F1-C7A5-4376-A066-2A32D752A2FF}</UniqueIdentifier>
      <Extensions>cpp;c;cc;cxx;c++;cppm;ixx;def;odl;idl;hpj;bat;asm;asmx</Extensions>
    </Filter>
    <Filter Include="헤더 파일">
      <UniqueIdentifier>{93995380-89BD-4b04-88EB-625FBE52EBFB}</UniqueIdentifier>
      <Extensions>h;hh;hpp;hxx;h++;hm;inl;inc;ipp;xsd</Extensions>
    </Filter>
    <Filter Include="리소스 파일">
      <UniqueIdentifier>{67DA6AB6-F800-4c08-8B7A-83BB121AAD01}</UniqueIdentifier>
      <Extensions>rc;ico;cur;bmp;dlg;rc2;rct;bin;rgs;gif;jpg;jpeg;jpe;resx;tiff;tif;png;wav;mfcribbon-ms</Extensions>
    </Filter>
    <Filter Include="0.Engine">
      <UniqueIdentifier>{1E44BE90-A358-4382-ABBC-67A0F32A7953}</UniqueIdentifier>
    </Filter>
    <Filter Include="1.Component">
      <UniqueIdentifier>{7D4A1B42-91ED-4607-AB9B-1D69A38D430D}</UniqueIdentifier>
    </Filter>
    <Filter Include="2.Manager">
      <UniqueIdentifier>{8F0DD949-1C47-4833-8F3F-5E1F9442567D}</UniqueIdentifier>
    </Filter>
    <Filter Include="0.Engine\Shader">
      <UniqueIdentifier>{5C3D775D-4F45-4E77-B69D-B5D78118A343}</UniqueIdentifier>
    </Filter>
  </ItemGroup>
  <ItemGroup>
    <ClCompile Include="0.Engine\Main.cpp">
      <Filter>0.Engine</Filter>
    </ClCompile>
    <ClCompile Include="0.Engine\stdafx.cpp">
      <Filter>0.Engine</Filter>
    </ClCompile>
    <ClCompile Include="1.Component\CameraComponent.cpp">
      <Filter>1.Component</Filter>
    </ClCompile>
    <ClCompile Include="1.Component\OpenGlRenderComponent.cpp">
      <Filter>1.Component</Filter>
    </ClCompile>
    <ClCompile Include="2.Manager\WindowManager.cpp">
      <Filter>2.Manager</Filter>
    </ClCompile>
  </ItemGroup>
  <ItemGroup>
    <ClInclude Include="0.Engine\CJ_MathHelper.h">
      <Filter>0.Engine</Filter>
    </ClInclude>
    <ClInclude Include="0.Engine\stdafx.h">
      <Filter>0.Engine</Filter>
    </ClInclude>
    <ClInclude Include="1.Component\CameraComponent.h">
      <Filter>1.Component</Filter>
    </ClInclude>
    <ClInclude Include="1.Component\Component.h">
      <Filter>1.Component</Filter>
    </ClInclude>
    <ClInclude Include="1.Component\OpenGlRenderComponent.h">
      <Filter>1.Component</Filter>
    </ClInclude>
    <ClInclude Include="1.Component\RenderTypes.h">
      <Filter>1.Component</Filter>
    </ClInclude>
    <ClInclude Include="2.Manager\Manager.h">
      <Filter>2.Manager</Filter>
    </ClInclude>
    <ClInclude Include="2.Manager\WindowManager.h">
      <Filter>2.Manager</Filter>
    </ClInclude>
  </ItemGroup>
  <ItemGroup>
    <None Include="0.Engine\Shader\HelmetGlass.fs">
      <Filter>0.Engine\Shader</Filter>
    </None>
    <None Include="0.Engine\Shader\HelmetGlass.vs">
      <Filter>0.Engine\Shader</Filter>
    </None>
  </ItemGroup>
</Project>
